[[dependencies]]
name = "@openzeppelin-contracts"
version = "5.6.1"
url = "https://soldeer-revisions.s3.amazonaws.com/@openzeppelin-contracts/5_6_1_15-03-2026_09:19:50_contracts.zip"
checksum = "a3b6bc661be858c7c27f60a1708cbebe8c71034b4cc1e9fe270d0a05b069352f"
integrity = "bce03af7ada1eee21a7fff393f238bcd7cd75a022a4db55ffb6b0dbb32433d35"

[[dependencies]]
name = "forge-std"
version = "1.16.1"
url = "https://soldeer-revisions.s3.amazonaws.com/forge-std/1_16_1_08-05-2026_08:51:16_forge-std-1.16.zip"
checksum = "839b61832925c7152c7b6dffbfa4998d9e606211179bd8f604733124e8a7cb57"
integrity = "60e55d10150354ca4a1e2985c5456c834b92b82ef85ab0e1d92a7786cddbd219"

[[dependencies]]
name = "rain-lib-hash"
version = "0.1.0"
url = "https://soldeer-revisions.s3.amazonaws.com/rain-lib-hash/0_1_0_12-05-2026_16:24:56_rain.lib.zip"
checksum = "648f3e38b297dbd3ecb32b82c8b24c322f484e1734eb50fd393bc547c72b59b0"
integrity = "91f5f679a0a27f096fdbc1e41195dd9f42cacfab15735efeb1101cc1b9215b47"

[[dependencies]]
name = "rain-lib-typecast"
version = "0.1.0"
url = "https://soldeer-revisions.s3.amazonaws.com/rain-lib-typecast/0_1_0_12-05-2026_16:31:39_rain.lib.zip"
checksum = "5c0419501e4c763ef161a3489934af192219f994cb2c9187699bc4dee0b4e2bb"
integrity = "092781f87fd9227c4c95aafde59300c503d6a9a355beaeb5c5732fe6e36676d6"

[[dependencies]]
name = "rain-math-binary"
version = "0.1.4"
url = "https://soldeer-revisions.s3.amazonaws.com/rain-math-binary/0_1_4_17-08-2026_05:22:01_rain.math.zip"
checksum = "1787eb0bc883c4922deb5e547ecaf0bd0f9a31e99c51f3b11744c3324eb592f6"
integrity = "857d22060d058ec173e88448c2d44f0cb884b2381669d0dbe1d3bebb168715ea"

[[dependencies]]
name = "rain-sol-codegen"
version = "0.1.0"
url = "https://soldeer-revisions.s3.amazonaws.com/rain-sol-codegen/0_1_0_09-05-2026_20:30:25_rain.sol.zip"
checksum = "6b5abd394c5db86ac64214262b7a5115158f480b2fbd74442672dfe52bb67310"
integrity = "e22748ce2ba7eca3ce71e23b2271d1c0f370b989507e784b0a4850a7a9e52157"

[[dependencies]]
name = "rain-solmem"
version = "0.1.3"
url = "https://soldeer-revisions.s3.amazonaws.com/rain-solmem/0_1_3_09-05-2026_19:49:33_rain.zip"
checksum = "1d405bb81f7c9e56d1717de0d60da918d2fc2fa4db083efd2abe9906378d019f"
integrity = "e879d2743f9d884f647b9dd489889a83f2cea5f76eb69409a113e1baa69d3643"
