[[dependencies]]
name = "@openzeppelin-contracts"
version = "5.6.1"
url = "https://soldeer-revisions.s3.amazonaws.com/@openzeppelin-contracts/5_6_1_15-03-2026_09:19:50_contracts.zip"
checksum = "a3b6bc661be858c7c27f60a1708cbebe8c71034b4cc1e9fe270d0a05b069352f"
integrity = "bce03af7ada1eee21a7fff393f238bcd7cd75a022a4db55ffb6b0dbb32433d35"

[[dependencies]]
name = "forge-std"
version = "1.16.2"
url = "https://soldeer-revisions.s3.amazonaws.com/forge-std/1_16_2_03-07-2026_07:37:45_forge-std-1.16.zip"
checksum = "405dccc9d60d753f6abc412b4adf0359f4390f65dbadbbb277a12b4946ed8969"
integrity = "5fb4325b60d7d4194bd0481e2f94398cf1d9c6561dd12a66fb2748ef4a68205f"

[[dependencies]]
name = "rain-lib-hash"
version = "0.1.0"
url = "https://soldeer-revisions.s3.amazonaws.com/rain-lib-hash/0_1_0_12-05-2026_16:24:56_rain.lib.zip"
checksum = "648f3e38b297dbd3ecb32b82c8b24c322f484e1734eb50fd393bc547c72b59b0"
integrity = "91f5f679a0a27f096fdbc1e41195dd9f42cacfab15735efeb1101cc1b9215b47"

[[dependencies]]
name = "rain-lib-typecast"
version = "0.1.4"
url = "https://soldeer-revisions.s3.amazonaws.com/rain-lib-typecast/0_1_4_21-08-2026_15:46:41_rain.lib.zip"
checksum = "ce1339c0a06de699508247dc882c5aaf715ab4ae67d53336ae72ae88810f5540"
integrity = "eeb92ffe224186151d210137324a69e6154947bf987c18ea8b3233174291ce5c"

[[dependencies]]
name = "rain-math-binary"
version = "0.1.4"
url = "https://soldeer-revisions.s3.amazonaws.com/rain-math-binary/0_1_4_17-08-2026_05:22:01_rain.math.zip"
checksum = "1787eb0bc883c4922deb5e547ecaf0bd0f9a31e99c51f3b11744c3324eb592f6"
integrity = "857d22060d058ec173e88448c2d44f0cb884b2381669d0dbe1d3bebb168715ea"

[[dependencies]]
name = "rain-sol-codegen"
version = "0.1.36"
url = "https://soldeer-revisions.s3.amazonaws.com/rain-sol-codegen/0_1_36_18-08-2026_09:20:33_rain.sol.zip"
checksum = "b5d101d46941a95fee441224e101004139814ae9afa2793138874bd7e93991ff"
integrity = "164e2655ac8b66bcf52c799421706d3dfaab987addaaeadd74574e70fd2eb6ed"

[[dependencies]]
name = "rain-solmem"
version = "0.1.26"
url = "https://soldeer-revisions.s3.amazonaws.com/rain-solmem/0_1_26_18-08-2026_16:20:17_rain.zip"
checksum = "291a0acf805b8acd65dfb9e848e6670bde158120bb5b0bcdeeaf17c4084a134c"
integrity = "54e56c1b10d05df72c1c3dcc8df92b99b9f01cd946363158b077c779ce4d20fa"
