[[dependencies]]
name = "@openzeppelin-contracts"
version = "5.6.1"
url = "https://soldeer-revisions.s3.amazonaws.com/@openzeppelin-contracts/5_6_1_15-03-2026_09:19:50_contracts.zip"
checksum = "a3b6bc661be858c7c27f60a1708cbebe8c71034b4cc1e9fe270d0a05b069352f"
integrity = "bce03af7ada1eee21a7fff393f238bcd7cd75a022a4db55ffb6b0dbb32433d35"

[[dependencies]]
name = "forge-std"
version = "1.16.2"
url = "https://soldeer-revisions.s3.amazonaws.com/forge-std/1_16_2_03-07-2026_07:37:45_forge-std-1.16.zip"
checksum = "405dccc9d60d753f6abc412b4adf0359f4390f65dbadbbb277a12b4946ed8969"
integrity = "5fb4325b60d7d4194bd0481e2f94398cf1d9c6561dd12a66fb2748ef4a68205f"

[[dependencies]]
name = "rain-lib-hash"
version = "0.1.0"
url = "https://soldeer-revisions.s3.amazonaws.com/rain-lib-hash/0_1_0_12-05-2026_16:24:56_rain.lib.zip"
checksum = "648f3e38b297dbd3ecb32b82c8b24c322f484e1734eb50fd393bc547c72b59b0"
integrity = "91f5f679a0a27f096fdbc1e41195dd9f42cacfab15735efeb1101cc1b9215b47"

[[dependencies]]
name = "rain-lib-typecast"
version = "0.1.4"
url = "https://soldeer-revisions.s3.amazonaws.com/rain-lib-typecast/0_1_4_21-08-2026_15:46:41_rain.lib.zip"
checksum = "ce1339c0a06de699508247dc882c5aaf715ab4ae67d53336ae72ae88810f5540"
integrity = "eeb92ffe224186151d210137324a69e6154947bf987c18ea8b3233174291ce5c"

[[dependencies]]
name = "rain-math-binary"
version = "0.1.4"
url = "https://soldeer-revisions.s3.amazonaws.com/rain-math-binary/0_1_4_17-08-2026_05:22:01_rain.math.zip"
checksum = "1787eb0bc883c4922deb5e547ecaf0bd0f9a31e99c51f3b11744c3324eb592f6"
integrity = "857d22060d058ec173e88448c2d44f0cb884b2381669d0dbe1d3bebb168715ea"

[[dependencies]]
name = "rain-sol-codegen"
version = "0.1.37"
url = "https://soldeer-revisions.s3.amazonaws.com/rain-sol-codegen/0_1_37_25-08-2026_17:26:08_rain.sol.zip"
checksum = "d13ebfc9e769dcd96bf43bd5e0ff9c2894f877949ce5492ae985e70ea10f30b2"
integrity = "0044af31422ea2e98c480e61c7eba091fbe3bd72c6bc9dcddd3b7457aa6d22f4"

[[dependencies]]
name = "rain-solmem"
version = "0.1.28"
url = "https://soldeer-revisions.s3.amazonaws.com/rain-solmem/0_1_28_03-09-2026_07:34:16_rain.zip"
checksum = "3dafbef001edb181683a43c3c295e3f88e2ffcedd751e986562e71e29560c9f0"
integrity = "e7508cd81a998a67118a0fca314d504dc62850d6b535d29c824f696f214e4b23"
